schema: '2.0'
stages:
  data_ingestion:
    cmd: python src/data/data_ingestion.py
    deps:
    - path: src/data/data_ingestion.py
      hash: md5
      md5: 9a2b39fac2bad8768713a6f03c7dc99c
      size: 633
    outs:
    - path: data/raw
      hash: md5
      md5: af8a167dfd3e013f566d559e3aff2154.dir
      size: 6591902
      nfiles: 2
  data_preprocessing:
    cmd: python src/data/data_preprocessing.py
    deps:
    - path: data/raw
      hash: md5
      md5: af8a167dfd3e013f566d559e3aff2154.dir
      size: 6591902
      nfiles: 2
    - path: src/data/data_preprocessing.py
      hash: md5
      md5: aadb7070be1478c1133076f4f1f0b24f
      size: 5168
    outs:
    - path: data/processed
      hash: md5
      md5: 20b0ecffde1b2b111325ca90a228ed34.dir
      size: 3990999
      nfiles: 2
  feature_engineering:
    cmd: python src/features/feature_engineering.py
    deps:
    - path: data/processed
      hash: md5
      md5: 20b0ecffde1b2b111325ca90a228ed34.dir
      size: 3990999
      nfiles: 2
    - path: src/features/feature_engineering.py
      hash: md5
      md5: 3454c95786a6a31467df8823452cf417
      size: 4650
    outs:
    - path: data/interim
      hash: md5
      md5: 6b2a083ff669c8006d5a2340a91fd021.dir
      size: 12903979
      nfiles: 2
  model_building:
    cmd: python src/models/model_building.py
    deps:
    - path: data/interim
      hash: md5
      md5: 6b2a083ff669c8006d5a2340a91fd021.dir
      size: 12903979
      nfiles: 2
    - path: src/models/model_building.py
      hash: md5
      md5: aaf69c3c1e1653c18de17913fdefeea6
      size: 1267
    outs:
    - path: models/model.pkl
      hash: md5
      md5: c387ce48054afbf61d20e8ac0728ac31
      size: 210840463
  model_evaluation:
    cmd: python src/models/model_evaluation.py
    deps:
    - path: data/interim
      hash: md5
      md5: 6b2a083ff669c8006d5a2340a91fd021.dir
      size: 12903979
      nfiles: 2
    - path: src/models/model_evaluation.py
      hash: md5
      md5: 871878a6ecbdc3e30ed567e95a293120
      size: 1314
    outs:
    - path: reports/metrics.json
      hash: md5
      md5: b05fba2199a26e0989f933eb03c49f4b
      size: 171
